
Microsoft Visual Studio Solution File, Format Version 12.00
# Visual Studio Version 17
VisualStudioVersion = 17.5.33516.290
MinimumVisualStudioVersion = 10.0.40219.1
Project("{9A19103F-16F7-4668-BE54-9A1E7A4F7556}") = "Hybrasyl.Xml", "src\Hybrasyl.Xml.csproj", "{6DCE317F-B53D-413A-84F3-25A5B6EC61A6}"
EndProject
Project("{9A19103F-16F7-4668-BE54-9A1E7A4F7556}") = "Tests", "tests\Tests.csproj", "{C7AA3595-954B-4BF0-93D9-879F4B1028F1}"
EndProject
Global
	GlobalSection(SolutionConfigurationPlatforms) = preSolution
		Debug|Any CPU = Debug|Any CPU
		Release|Any CPU = Release|Any CPU
	EndGlobalSection
	GlobalSection(ProjectConfigurationPlatforms) = postSolution
		{6DCE317F-B53D-413A-84F3-25A5B6EC61A6}.Debug|Any CPU.ActiveCfg = Debug|Any CPU
		{6DCE317F-B53D-413A-84F3-25A5B6EC61A6}.Debug|Any CPU.Build.0 = Debug|Any CPU
		{6DCE317F-B53D-413A-84F3-25A5B6EC61A6}.Release|Any CPU.ActiveCfg = Release|Any CPU
		{6DCE317F-B53D-413A-84F3-25A5B6EC61A6}.Release|Any CPU.Build.0 = Release|Any CPU
		{C7AA3595-954B-4BF0-93D9-879F4B1028F1}.Debug|Any CPU.ActiveCfg = Debug|Any CPU
		{C7AA3595-954B-4BF0-93D9-879F4B1028F1}.Debug|Any CPU.Build.0 = Debug|Any CPU
		{C7AA3595-954B-4BF0-93D9-879F4B1028F1}.Release|Any CPU.ActiveCfg = Release|Any CPU
		{C7AA3595-954B-4BF0-93D9-879F4B1028F1}.Release|Any CPU.Build.0 = Release|Any CPU
	EndGlobalSection
	GlobalSection(SolutionProperties) = preSolution
		HideSolutionNode = FALSE
	EndGlobalSection
	GlobalSection(ExtensibilityGlobals) = postSolution
		SolutionGuid = {22B32B98-3FC5-43F3-85D2-7D138110AEF0}
	EndGlobalSection
EndGlobal
